
Microsoft Visual Studio Solution File, Format Version 12.00
# Visual Studio Version 17
VisualStudioVersion = 17.14.36811.4 d17.14
MinimumVisualStudioVersion = 10.0.40219.1
Project("{FAE04EC0-301F-11D3-BF4B-00C04F79EFBC}") = "phanMemBoTroVersion2", "phanMemBoTroVersion2\phanMemBoTroVersion2.csproj", "{D1150E58-A4EC-4FE0-BE1B-20F0E8BB6EA5}"
EndProject
Global
	GlobalSection(SolutionConfigurationPlatforms) = preSolution
		Debug|Any CPU = Debug|Any CPU
		Release|Any CPU = Release|Any CPU
	EndGlobalSection
	GlobalSection(ProjectConfigurationPlatforms) = postSolution
		{D1150E58-A4EC-4FE0-BE1B-20F0E8BB6EA5}.Debug|Any CPU.ActiveCfg = Debug|Any CPU
		{D1150E58-A4EC-4FE0-BE1B-20F0E8BB6EA5}.Debug|Any CPU.Build.0 = Debug|Any CPU
		{D1150E58-A4EC-4FE0-BE1B-20F0E8BB6EA5}.Release|Any CPU.ActiveCfg = Release|Any CPU
		{D1150E58-A4EC-4FE0-BE1B-20F0E8BB6EA5}.Release|Any CPU.Build.0 = Release|Any CPU
	EndGlobalSection
	GlobalSection(SolutionProperties) = preSolution
		HideSolutionNode = FALSE
	EndGlobalSection
	GlobalSection(ExtensibilityGlobals) = postSolution
		SolutionGuid = {B0736A39-DE48-4530-A30F-5AD466B0066D}
	EndGlobalSection
EndGlobal
